# Written by harness/images.sh. KEY=VALUE, shell-sourceable.
# An empty value means: not built or not pushed yet.
# This file never holds the registry host, the project or any credential.
RUNNER_TAG=r10k5.0.3-g10k0.10.0-bolt4.0.0
RUNNER_PLATFORMS=linux/amd64,linux/arm64
RUNNER_DIGEST=sha256:d911f221230e39db7ce34f7180e8fcfab4a48fb7cc6b1080277fb8aba6a71088
SERVER_TAG=puppetserver9-noble
SERVER_PLATFORMS=linux/arm64,linux/amd64
SERVER_ARM64_NATIVE=true
SERVER_DIGEST=sha256:45c210132bc29e48e6b5eb9c53be20ece6ecdda4522160209b1eef65cfa00da5
PUPPETSERVER_VERSION=9.0.17
UPDATED_AT=2026-10-09T11:24:51Z
